
Microsoft Visual Studio Solution File, Format Version 12.00
# Visual Studio Version 16
VisualStudioVersion = 16.0.31729.503
MinimumVisualStudioVersion = 10.0.40219.1
Project("{FAE04EC0-301F-11D3-BF4B-00C04F79EFBC}") = "vzlet.Android", "vzlet\vzlet.Android\vzlet.Android.csproj", "{A6C47555-B3B4-447E-B982-A67F7FD6B10C}"
EndProject
Project("{FAE04EC0-301F-11D3-BF4B-00C04F79EFBC}") = "vzlet.iOS", "vzlet\vzlet.iOS\vzlet.iOS.csproj", "{2EA4A26F-1781-4E54-9FF0-D608D3571A75}"
EndProject
Project("{FAE04EC0-301F-11D3-BF4B-00C04F79EFBC}") = "vzlet", "vzlet\vzlet\vzlet.csproj", "{006F8D35-3E98-4172-8FDE-6900CDDDCE96}"
EndProject
Global
	GlobalSection(SolutionConfigurationPlatforms) = preSolution
		Debug|Any CPU = Debug|Any CPU
		Debug|iPhone = Debug|iPhone
		Debug|iPhoneSimulator = Debug|iPhoneSimulator
		Release|Any CPU = Release|Any CPU
		Release|iPhone = Release|iPhone
		Release|iPhoneSimulator = Release|iPhoneSimulator
	EndGlobalSection
	GlobalSection(ProjectConfigurationPlatforms) = postSolution
		{A6C47555-B3B4-447E-B982-A67F7FD6B10C}.Debug|Any CPU.ActiveCfg = Debug|Any CPU
		{A6C47555-B3B4-447E-B982-A67F7FD6B10C}.Debug|Any CPU.Build.0 = Debug|Any CPU
		{A6C47555-B3B4-447E-B982-A67F7FD6B10C}.Debug|Any CPU.Deploy.0 = Debug|Any CPU
		{A6C47555-B3B4-447E-B982-A67F7FD6B10C}.Debug|iPhone.ActiveCfg = Debug|Any CPU
		{A6C47555-B3B4-447E-B982-A67F7FD6B10C}.Debug|iPhone.Build.0 = Debug|Any CPU
		{A6C47555-B3B4-447E-B982-A67F7FD6B10C}.Debug|iPhone.Deploy.0 = Debug|Any CPU
		{A6C47555-B3B4-447E-B982-A67F7FD6B10C}.Debug|iPhoneSimulator.ActiveCfg = Debug|Any CPU
		{A6C47555-B3B4-447E-B982-A67F7FD6B10C}.Debug|iPhoneSimulator.Build.0 = Debug|Any CPU
		{A6C47555-B3B4-447E-B982-A67F7FD6B10C}.Debug|iPhoneSimulator.Deploy.0 = Debug|Any CPU
		{A6C47555-B3B4-447E-B982-A67F7FD6B10C}.Release|Any CPU.ActiveCfg = Release|Any CPU
		{A6C47555-B3B4-447E-B982-A67F7FD6B10C}.Release|Any CPU.Build.0 = Release|Any CPU
		{A6C47555-B3B4-447E-B982-A67F7FD6B10C}.Release|Any CPU.Deploy.0 = Release|Any CPU
		{A6C47555-B3B4-447E-B982-A67F7FD6B10C}.Release|iPhone.ActiveCfg = Release|Any CPU
		{A6C47555-B3B4-447E-B982-A67F7FD6B10C}.Release|iPhone.Build.0 = Release|Any CPU
		{A6C47555-B3B4-447E-B982-A67F7FD6B10C}.Release|iPhone.Deploy.0 = Release|Any CPU
		{A6C47555-B3B4-447E-B982-A67F7FD6B10C}.Release|iPhoneSimulator.ActiveCfg = Release|Any CPU
		{A6C47555-B3B4-447E-B982-A67F7FD6B10C}.Release|iPhoneSimulator.Build.0 = Release|Any CPU
		{A6C47555-B3B4-447E-B982-A67F7FD6B10C}.Release|iPhoneSimulator.Deploy.0 = Release|Any CPU
		{2EA4A26F-1781-4E54-9FF0-D608D3571A75}.Debug|Any CPU.ActiveCfg = Debug|iPhone
		{2EA4A26F-1781-4E54-9FF0-D608D3571A75}.Debug|Any CPU.Build.0 = Debug|iPhone
		{2EA4A26F-1781-4E54-9FF0-D608D3571A75}.Debug|Any CPU.Deploy.0 = Debug|iPhone
		{2EA4A26F-1781-4E54-9FF0-D608D3571A75}.Debug|iPhone.ActiveCfg = Debug|iPhone
		{2EA4A26F-1781-4E54-9FF0-D608D3571A75}.Debug|iPhone.Build.0 = Debug|iPhone
		{2EA4A26F-1781-4E54-9FF0-D608D3571A75}.Debug|iPhone.Deploy.0 = Debug|iPhone
		{2EA4A26F-1781-4E54-9FF0-D608D3571A75}.Debug|iPhoneSimulator.ActiveCfg = Debug|iPhoneSimulator
		{2EA4A26F-1781-4E54-9FF0-D608D3571A75}.Debug|iPhoneSimulator.Build.0 = Debug|iPhoneSimulator
		{2EA4A26F-1781-4E54-9FF0-D608D3571A75}.Debug|iPhoneSimulator.Deploy.0 = Debug|iPhoneSimulator
		{2EA4A26F-1781-4E54-9FF0-D608D3571A75}.Release|Any CPU.ActiveCfg = Release|iPhoneSimulator
		{2EA4A26F-1781-4E54-9FF0-D608D3571A75}.Release|Any CPU.Build.0 = Release|iPhoneSimulator
		{2EA4A26F-1781-4E54-9FF0-D608D3571A75}.Release|Any CPU.Deploy.0 = Release|iPhoneSimulator
		{2EA4A26F-1781-4E54-9FF0-D608D3571A75}.Release|iPhone.ActiveCfg = Release|iPhone
		{2EA4A26F-1781-4E54-9FF0-D608D3571A75}.Release|iPhone.Build.0 = Release|iPhone
		{2EA4A26F-1781-4E54-9FF0-D608D3571A75}.Release|iPhone.Deploy.0 = Release|iPhone
		{2EA4A26F-1781-4E54-9FF0-D608D3571A75}.Release|iPhoneSimulator.ActiveCfg = Release|iPhoneSimulator
		{2EA4A26F-1781-4E54-9FF0-D608D3571A75}.Release|iPhoneSimulator.Build.0 = Release|iPhoneSimulator
		{2EA4A26F-1781-4E54-9FF0-D608D3571A75}.Release|iPhoneSimulator.Deploy.0 = Release|iPhoneSimulator
		{006F8D35-3E98-4172-8FDE-6900CDDDCE96}.Debug|Any CPU.ActiveCfg = Debug|Any CPU
		{006F8D35-3E98-4172-8FDE-6900CDDDCE96}.Debug|Any CPU.Build.0 = Debug|Any CPU
		{006F8D35-3E98-4172-8FDE-6900CDDDCE96}.Debug|Any CPU.Deploy.0 = Debug|Any CPU
		{006F8D35-3E98-4172-8FDE-6900CDDDCE96}.Debug|iPhone.ActiveCfg = Debug|Any CPU
		{006F8D35-3E98-4172-8FDE-6900CDDDCE96}.Debug|iPhone.Build.0 = Debug|Any CPU
		{006F8D35-3E98-4172-8FDE-6900CDDDCE96}.Debug|iPhone.Deploy.0 = Debug|Any CPU
		{006F8D35-3E98-4172-8FDE-6900CDDDCE96}.Debug|iPhoneSimulator.ActiveCfg = Debug|Any CPU
		{006F8D35-3E98-4172-8FDE-6900CDDDCE96}.Debug|iPhoneSimulator.Build.0 = Debug|Any CPU
		{006F8D35-3E98-4172-8FDE-6900CDDDCE96}.Debug|iPhoneSimulator.Deploy.0 = Debug|Any CPU
		{006F8D35-3E98-4172-8FDE-6900CDDDCE96}.Release|Any CPU.ActiveCfg = Release|Any CPU
		{006F8D35-3E98-4172-8FDE-6900CDDDCE96}.Release|Any CPU.Build.0 = Release|Any CPU
		{006F8D35-3E98-4172-8FDE-6900CDDDCE96}.Release|Any CPU.Deploy.0 = Release|Any CPU
		{006F8D35-3E98-4172-8FDE-6900CDDDCE96}.Release|iPhone.ActiveCfg = Release|Any CPU
		{006F8D35-3E98-4172-8FDE-6900CDDDCE96}.Release|iPhone.Build.0 = Release|Any CPU
		{006F8D35-3E98-4172-8FDE-6900CDDDCE96}.Release|iPhone.Deploy.0 = Release|Any CPU
		{006F8D35-3E98-4172-8FDE-6900CDDDCE96}.Release|iPhoneSimulator.ActiveCfg = Release|Any CPU
		{006F8D35-3E98-4172-8FDE-6900CDDDCE96}.Release|iPhoneSimulator.Build.0 = Release|Any CPU
		{006F8D35-3E98-4172-8FDE-6900CDDDCE96}.Release|iPhoneSimulator.Deploy.0 = Release|Any CPU
	EndGlobalSection
	GlobalSection(SolutionProperties) = preSolution
		HideSolutionNode = FALSE
	EndGlobalSection
	GlobalSection(ExtensibilityGlobals) = postSolution
		SolutionGuid = {82672A41-7EE1-4AE4-939A-6928B9BFB888}
	EndGlobalSection
EndGlobal
